
Microsoft Visual Studio Solution File, Format Version 12.00
# Visual Studio Version 17
VisualStudioVersion = 17.8.34330.188
MinimumVisualStudioVersion = 10.0.40219.1
Project("{FAE04EC0-301F-11D3-BF4B-00C04F79EFBC}") = "EFProjectApp2", "EFProjectApp2\EFProjectApp2.csproj", "{D302F3FB-303E-41C2-AF04-7499218E67B4}"
EndProject
Global
	GlobalSection(SolutionConfigurationPlatforms) = preSolution
		Debug|Any CPU = Debug|Any CPU
		Release|Any CPU = Release|Any CPU
	EndGlobalSection
	GlobalSection(ProjectConfigurationPlatforms) = postSolution
		{D302F3FB-303E-41C2-AF04-7499218E67B4}.Debug|Any CPU.ActiveCfg = Debug|Any CPU
		{D302F3FB-303E-41C2-AF04-7499218E67B4}.Debug|Any CPU.Build.0 = Debug|Any CPU
		{D302F3FB-303E-41C2-AF04-7499218E67B4}.Release|Any CPU.ActiveCfg = Release|Any CPU
		{D302F3FB-303E-41C2-AF04-7499218E67B4}.Release|Any CPU.Build.0 = Release|Any CPU
	EndGlobalSection
	GlobalSection(SolutionProperties) = preSolution
		HideSolutionNode = FALSE
	EndGlobalSection
	GlobalSection(ExtensibilityGlobals) = postSolution
		SolutionGuid = {B203D3E5-114A-43B4-89C9-FDCAF3BCD532}
	EndGlobalSection
EndGlobal
